// !$*UTF8*$!
{
	archiveVersion = 1;
	classes = {
	};
	objectVersion = 77;
	objects = {

/* Begin PBXBuildFile section */
		488371084C1934689FF0E689 /* Pods_PrimoMedium_PrimoMediumUITests.framework in Frameworks */ = {isa = PBXBuildFile; fileRef = BDBEFEA43B4A064ACA262C04 /* Pods_PrimoMedium_PrimoMediumUITests.framework */; };
		5F1C386E78E6659B7C9CD28D /* Pods_PrimoMedium.framework in Frameworks */ = {isa = PBXBuildFile; fileRef = 31192FE8DF2DAE6074C914C4 /* Pods_PrimoMedium.framework */; };
		86D228D6D17EA1D1089C28AD /* Pods_PrimoMediumTests.framework in Frameworks */ = {isa = PBXBuildFile; fileRef = E73DA713F7B7541B9373CE16 /* Pods_PrimoMediumTests.framework */; };
/* End PBXBuildFile section */

/* Begin PBXContainerItemProxy section */
		D46D33CD2DDF0D72003A16CB /* PBXContainerItemProxy */ = {
			isa = PBXContainerItemProxy;
			containerPortal = D46D33AB2DDF0D70003A16CB /* Project object */;
			proxyType = 1;
			remoteGlobalIDString = D46D33B22DDF0D70003A16CB;
			remoteInfo = PrimoMedium;
		};
		D46D33D72DDF0D72003A16CB /* PBXContainerItemProxy */ = {
			isa = PBXContainerItemProxy;
			containerPortal = D46D33AB2DDF0D70003A16CB /* Project object */;
			proxyType = 1;
			remoteGlobalIDString = D46D33B22DDF0D70003A16CB;
			remoteInfo = PrimoMedium;
		};
/* End PBXContainerItemProxy section */

/* Begin PBXFileReference section */
		086E5C461B48BD6F94690141 /* Pods-PrimoMedium.debug.xcconfig */ = {isa = PBXFileReference; includeInIndex = 1; lastKnownFileType = text.xcconfig; name = "Pods-PrimoMedium.debug.xcconfig"; path = "Target Support Files/Pods-PrimoMedium/Pods-PrimoMedium.debug.xcconfig"; sourceTree = "<group>"; };
		0FABDC90399BC3DF4165F08A /* Pods-PrimoMedium-PrimoMediumUITests.release.xcconfig */ = {isa = PBXFileReference; includeInIndex = 1; lastKnownFileType = text.xcconfig; name = "Pods-PrimoMedium-PrimoMediumUITests.release.xcconfig"; path = "Target Support Files/Pods-PrimoMedium-PrimoMediumUITests/Pods-PrimoMedium-PrimoMediumUITests.release.xcconfig"; sourceTree = "<group>"; };
		31192FE8DF2DAE6074C914C4 /* Pods_PrimoMedium.framework */ = {isa = PBXFileReference; explicitFileType = wrapper.framework; includeInIndex = 0; path = Pods_PrimoMedium.framework; sourceTree = BUILT_PRODUCTS_DIR; };
		62C920F3876E98291E1CED93 /* Pods-PrimoMedium.release.xcconfig */ = {isa = PBXFileReference; includeInIndex = 1; lastKnownFileType = text.xcconfig; name = "Pods-PrimoMedium.release.xcconfig"; path = "Target Support Files/Pods-PrimoMedium/Pods-PrimoMedium.release.xcconfig"; sourceTree = "<group>"; };
		94998A0E9C96BDF629AD7683 /* Pods-PrimoMediumTests.release.xcconfig */ = {isa = PBXFileReference; includeInIndex = 1; lastKnownFileType = text.xcconfig; name = "Pods-PrimoMediumTests.release.xcconfig"; path = "Target Support Files/Pods-PrimoMediumTests/Pods-PrimoMediumTests.release.xcconfig"; sourceTree = "<group>"; };
		94D4352066E093ABABB50696 /* Pods-PrimoMediumTests.debug.xcconfig */ = {isa = PBXFileReference; includeInIndex = 1; lastKnownFileType = text.xcconfig; name = "Pods-PrimoMediumTests.debug.xcconfig"; path = "Target Support Files/Pods-PrimoMediumTests/Pods-PrimoMediumTests.debug.xcconfig"; sourceTree = "<group>"; };
		BDBEFEA43B4A064ACA262C04 /* Pods_PrimoMedium_PrimoMediumUITests.framework */ = {isa = PBXFileReference; explicitFileType = wrapper.framework; includeInIndex = 0; path = Pods_PrimoMedium_PrimoMediumUITests.framework; sourceTree = BUILT_PRODUCTS_DIR; };
		D46D33B32DDF0D70003A16CB /* PrimoMedium.app */ = {isa = PBXFileReference; explicitFileType = wrapper.application; includeInIndex = 0; path = PrimoMedium.app; sourceTree = BUILT_PRODUCTS_DIR; };
		D46D33CC2DDF0D72003A16CB /* PrimoMediumTests.xctest */ = {isa = PBXFileReference; explicitFileType = wrapper.cfbundle; includeInIndex = 0; path = PrimoMediumTests.xctest; sourceTree = BUILT_PRODUCTS_DIR; };
		D46D33D62DDF0D72003A16CB /* PrimoMediumUITests.xctest */ = {isa = PBXFileReference; explicitFileType = wrapper.cfbundle; includeInIndex = 0; path = PrimoMediumUITests.xctest; sourceTree = BUILT_PRODUCTS_DIR; };
		DE8A6826E3B0E7B72BC1B9F0 /* Pods-PrimoMedium-PrimoMediumUITests.debug.xcconfig */ = {isa = PBXFileReference; includeInIndex = 1; lastKnownFileType = text.xcconfig; name = "Pods-PrimoMedium-PrimoMediumUITests.debug.xcconfig"; path = "Target Support Files/Pods-PrimoMedium-PrimoMediumUITests/Pods-PrimoMedium-PrimoMediumUITests.debug.xcconfig"; sourceTree = "<group>"; };
		E73DA713F7B7541B9373CE16 /* Pods_PrimoMediumTests.framework */ = {isa = PBXFileReference; explicitFileType = wrapper.framework; includeInIndex = 0; path = Pods_PrimoMediumTests.framework; sourceTree = BUILT_PRODUCTS_DIR; };
/* End PBXFileReference section */

/* Begin PBXFileSystemSynchronizedBuildFileExceptionSet section */
		D46D33DE2DDF0D72003A16CB /* Exceptions for "PrimoMedium" folder in "PrimoMedium" target */ = {
			isa = PBXFileSystemSynchronizedBuildFileExceptionSet;
			membershipExceptions = (
				Info.plist,
			);
			target = D46D33B22DDF0D70003A16CB /* PrimoMedium */;
		};
/* End PBXFileSystemSynchronizedBuildFileExceptionSet section */

/* Begin PBXFileSystemSynchronizedRootGroup section */
		D46D33B52DDF0D70003A16CB /* PrimoMedium */ = {
			isa = PBXFileSystemSynchronizedRootGroup;
			exceptions = (
				D46D33DE2DDF0D72003A16CB /* Exceptions for "PrimoMedium" folder in "PrimoMedium" target */,
			);
			path = PrimoMedium;
			sourceTree = "<group>";
		};
		D46D33CF2DDF0D72003A16CB /* PrimoMediumTests */ = {
			isa = PBXFileSystemSynchronizedRootGroup;
			path = PrimoMediumTests;
			sourceTree = "<group>";
		};
		D46D33D92DDF0D72003A16CB /* PrimoMediumUITests */ = {
			isa = PBXFileSystemSynchronizedRootGroup;
			path = PrimoMediumUITests;
			sourceTree = "<group>";
		};
/* End PBXFileSystemSynchronizedRootGroup section */

/* Begin PBXFrameworksBuildPhase section */
		D46D33B02DDF0D70003A16CB /* Frameworks */ = {
			isa = PBXFrameworksBuildPhase;
			buildActionMask = 2147483647;
			files = (
				5F1C386E78E6659B7C9CD28D /* Pods_PrimoMedium.framework in Frameworks */,
			);
			runOnlyForDeploymentPostprocessing = 0;
		};
		D46D33C92DDF0D72003A16CB /* Frameworks */ = {
			isa = PBXFrameworksBuildPhase;
			buildActionMask = 2147483647;
			files = (
				86D228D6D17EA1D1089C28AD /* Pods_PrimoMediumTests.framework in Frameworks */,
			);
			runOnlyForDeploymentPostprocessing = 0;
		};
		D46D33D32DDF0D72003A16CB /* Frameworks */ = {
			isa = PBXFrameworksBuildPhase;
			buildActionMask = 2147483647;
			files = (
				488371084C1934689FF0E689 /* Pods_PrimoMedium_PrimoMediumUITests.framework in Frameworks */,
			);
			runOnlyForDeploymentPostprocessing = 0;
		};
/* End PBXFrameworksBuildPhase section */

/* Begin PBXGroup section */
		1814A80B1D707CC80A9EF917 /* Pods */ = {
			isa = PBXGroup;
			children = (
				086E5C461B48BD6F94690141 /* Pods-PrimoMedium.debug.xcconfig */,
				62C920F3876E98291E1CED93 /* Pods-PrimoMedium.release.xcconfig */,
				DE8A6826E3B0E7B72BC1B9F0 /* Pods-PrimoMedium-PrimoMediumUITests.debug.xcconfig */,
				0FABDC90399BC3DF4165F08A /* Pods-PrimoMedium-PrimoMediumUITests.release.xcconfig */,
				94D4352066E093ABABB50696 /* Pods-PrimoMediumTests.debug.xcconfig */,
				94998A0E9C96BDF629AD7683 /* Pods-PrimoMediumTests.release.xcconfig */,
			);
			path = Pods;
			sourceTree = "<group>";
		};
		3CCF03900DEB5B2374AEFCA8 /* Frameworks */ = {
			isa = PBXGroup;
			children = (
				31192FE8DF2DAE6074C914C4 /* Pods_PrimoMedium.framework */,
				BDBEFEA43B4A064ACA262C04 /* Pods_PrimoMedium_PrimoMediumUITests.framework */,
				E73DA713F7B7541B9373CE16 /* Pods_PrimoMediumTests.framework */,
			);
			name = Frameworks;
			sourceTree = "<group>";
		};
		D46D33AA2DDF0D70003A16CB = {
			isa = PBXGroup;
			children = (
				D46D33B52DDF0D70003A16CB /* PrimoMedium */,
				D46D33CF2DDF0D72003A16CB /* PrimoMediumTests */,
				D46D33D92DDF0D72003A16CB /* PrimoMediumUITests */,
				D46D33B42DDF0D70003A16CB /* Products */,
				1814A80B1D707CC80A9EF917 /* Pods */,
				3CCF03900DEB5B2374AEFCA8 /* Frameworks */,
			);
			sourceTree = "<group>";
		};
		D46D33B42DDF0D70003A16CB /* Products */ = {
			isa = PBXGroup;
			children = (
				D46D33B32DDF0D70003A16CB /* PrimoMedium.app */,
				D46D33CC2DDF0D72003A16CB /* PrimoMediumTests.xctest */,
				D46D33D62DDF0D72003A16CB /* PrimoMediumUITests.xctest */,
			);
			name = Products;
			sourceTree = "<group>";
		};
/* End PBXGroup section */

/* Begin PBXNativeTarget section */
		D46D33B22DDF0D70003A16CB /* PrimoMedium */ = {
			isa = PBXNativeTarget;
			buildConfigurationList = D46D33DF2DDF0D72003A16CB /* Build configuration list for PBXNativeTarget "PrimoMedium" */;
			buildPhases = (
				726A4D0CD6E76BD7DA97B40B /* [CP] Check Pods Manifest.lock */,
				D46D33AF2DDF0D70003A16CB /* Sources */,
				D46D33B02DDF0D70003A16CB /* Frameworks */,
				D46D33B12DDF0D70003A16CB /* Resources */,
				8B779153FE118178F5B593AD /* [CP] Embed Pods Frameworks */,
			);
			buildRules = (
			);
			dependencies = (
			);
			fileSystemSynchronizedGroups = (
				D46D33B52DDF0D70003A16CB /* PrimoMedium */,
			);
			name = PrimoMedium;
			productName = PrimoMedium;
			productReference = D46D33B32DDF0D70003A16CB /* PrimoMedium.app */;
			productType = "com.apple.product-type.application";
		};
		D46D33CB2DDF0D72003A16CB /* PrimoMediumTests */ = {
			isa = PBXNativeTarget;
			buildConfigurationList = D46D33E42DDF0D72003A16CB /* Build configuration list for PBXNativeTarget "PrimoMediumTests" */;
			buildPhases = (
				217013373463C4E326A48957 /* [CP] Check Pods Manifest.lock */,
				D46D33C82DDF0D72003A16CB /* Sources */,
				D46D33C92DDF0D72003A16CB /* Frameworks */,
				D46D33CA2DDF0D72003A16CB /* Resources */,
			);
			buildRules = (
			);
			dependencies = (
				D46D33CE2DDF0D72003A16CB /* PBXTargetDependency */,
			);
			fileSystemSynchronizedGroups = (
				D46D33CF2DDF0D72003A16CB /* PrimoMediumTests */,
			);
			name = PrimoMediumTests;
			productName = PrimoMediumTests;
			productReference = D46D33CC2DDF0D72003A16CB /* PrimoMediumTests.xctest */;
			productType = "com.apple.product-type.bundle.unit-test";
		};
		D46D33D52DDF0D72003A16CB /* PrimoMediumUITests */ = {
			isa = PBXNativeTarget;
			buildConfigurationList = D46D33E72DDF0D72003A16CB /* Build configuration list for PBXNativeTarget "PrimoMediumUITests" */;
			buildPhases = (
				7B6CE2986CC2BBF0893EDF8D /* [CP] Check Pods Manifest.lock */,
				D46D33D22DDF0D72003A16CB /* Sources */,
				D46D33D32DDF0D72003A16CB /* Frameworks */,
				D46D33D42DDF0D72003A16CB /* Resources */,
				13BEC77BBD97001E97F0FD9C /* [CP] Embed Pods Frameworks */,
			);
			buildRules = (
			);
			dependencies = (
				D46D33D82DDF0D72003A16CB /* PBXTargetDependency */,
			);
			fileSystemSynchronizedGroups = (
				D46D33D92DDF0D72003A16CB /* PrimoMediumUITests */,
			);
			name = PrimoMediumUITests;
			productName = PrimoMediumUITests;
			productReference = D46D33D62DDF0D72003A16CB /* PrimoMediumUITests.xctest */;
			productType = "com.apple.product-type.bundle.ui-testing";
		};
/* End PBXNativeTarget section */

/* Begin PBXProject section */
		D46D33AB2DDF0D70003A16CB /* Project object */ = {
			isa = PBXProject;
			attributes = {
				BuildIndependentTargetsInParallel = 1;
				LastSwiftUpdateCheck = 1620;
				LastUpgradeCheck = 1620;
				TargetAttributes = {
					D46D33B22DDF0D70003A16CB = {
						CreatedOnToolsVersion = 16.2;
					};
					D46D33CB2DDF0D72003A16CB = {
						CreatedOnToolsVersion = 16.2;
						TestTargetID = D46D33B22DDF0D70003A16CB;
					};
					D46D33D52DDF0D72003A16CB = {
						CreatedOnToolsVersion = 16.2;
						TestTargetID = D46D33B22DDF0D70003A16CB;
					};
				};
			};
			buildConfigurationList = D46D33AE2DDF0D70003A16CB /* Build configuration list for PBXProject "PrimoMedium" */;
			developmentRegion = en;
			hasScannedForEncodings = 0;
			knownRegions = (
				en,
				Base,
			);
			mainGroup = D46D33AA2DDF0D70003A16CB;
			minimizedProjectReferenceProxies = 1;
			preferredProjectObjectVersion = 77;
			productRefGroup = D46D33B42DDF0D70003A16CB /* Products */;
			projectDirPath = "";
			projectRoot = "";
			targets = (
				D46D33B22DDF0D70003A16CB /* PrimoMedium */,
				D46D33CB2DDF0D72003A16CB /* PrimoMediumTests */,
				D46D33D52DDF0D72003A16CB /* PrimoMediumUITests */,
			);
		};
/* End PBXProject section */

/* Begin PBXResourcesBuildPhase section */
		D46D33B12DDF0D70003A16CB /* Resources */ = {
			isa = PBXResourcesBuildPhase;
			buildActionMask = 2147483647;
			files = (
			);
			runOnlyForDeploymentPostprocessing = 0;
		};
		D46D33CA2DDF0D72003A16CB /* Resources */ = {
			isa = PBXResourcesBuildPhase;
			buildActionMask = 2147483647;
			files = (
			);
			runOnlyForDeploymentPostprocessing = 0;
		};
		D46D33D42DDF0D72003A16CB /* Resources */ = {
			isa = PBXResourcesBuildPhase;
			buildActionMask = 2147483647;
			files = (
			);
			runOnlyForDeploymentPostprocessing = 0;
		};
/* End PBXResourcesBuildPhase section */

/* Begin PBXShellScriptBuildPhase section */
		13BEC77BBD97001E97F0FD9C /* [CP] Embed Pods Frameworks */ = {
			isa = PBXShellScriptBuildPhase;
			buildActionMask = 2147483647;
			files = (
			);
			inputFileListPaths = (
				"${PODS_ROOT}/Target Support Files/Pods-PrimoMedium-PrimoMediumUITests/Pods-PrimoMedium-PrimoMediumUITests-frameworks-${CONFIGURATION}-input-files.xcfilelist",
			);
			name = "[CP] Embed Pods Frameworks";
			outputFileListPaths = (
				"${PODS_ROOT}/Target Support Files/Pods-PrimoMedium-PrimoMediumUITests/Pods-PrimoMedium-PrimoMediumUITests-frameworks-${CONFIGURATION}-output-files.xcfilelist",
			);
			runOnlyForDeploymentPostprocessing = 0;
			shellPath = /bin/sh;
			shellScript = "\"${PODS_ROOT}/Target Support Files/Pods-PrimoMedium-PrimoMediumUITests/Pods-PrimoMedium-PrimoMediumUITests-frameworks.sh\"\n";
			showEnvVarsInLog = 0;
		};
		217013373463C4E326A48957 /* [CP] Check Pods Manifest.lock */ = {
			isa = PBXShellScriptBuildPhase;
			buildActionMask = 2147483647;
			files = (
			);
			inputFileListPaths = (
			);
			inputPaths = (
				"${PODS_PODFILE_DIR_PATH}/Podfile.lock",
				"${PODS_ROOT}/Manifest.lock",
			);
			name = "[CP] Check Pods Manifest.lock";
			outputFileListPaths = (
			);
			outputPaths = (
				"$(DERIVED_FILE_DIR)/Pods-PrimoMediumTests-checkManifestLockResult.txt",
			);
			runOnlyForDeploymentPostprocessing = 0;
			shellPath = /bin/sh;
			shellScript = "diff \"${PODS_PODFILE_DIR_PATH}/Podfile.lock\" \"${PODS_ROOT}/Manifest.lock\" > /dev/null\nif [ $? != 0 ] ; then\n    # print error to STDERR\n    echo \"error: The sandbox is not in sync with the Podfile.lock. Run 'pod install' or update your CocoaPods installation.\" >&2\n    exit 1\nfi\n# This output is used by Xcode 'outputs' to avoid re-running this script phase.\necho \"SUCCESS\" > \"${SCRIPT_OUTPUT_FILE_0}\"\n";
			showEnvVarsInLog = 0;
		};
		726A4D0CD6E76BD7DA97B40B /* [CP] Check Pods Manifest.lock */ = {
			isa = PBXShellScriptBuildPhase;
			buildActionMask = 2147483647;
			files = (
			);
			inputFileListPaths = (
			);
			inputPaths = (
				"${PODS_PODFILE_DIR_PATH}/Podfile.lock",
				"${PODS_ROOT}/Manifest.lock",
			);
			name = "[CP] Check Pods Manifest.lock";
			outputFileListPaths = (
			);
			outputPaths = (
				"$(DERIVED_FILE_DIR)/Pods-PrimoMedium-checkManifestLockResult.txt",
			);
			runOnlyForDeploymentPostprocessing = 0;
			shellPath = /bin/sh;
			shellScript = "diff \"${PODS_PODFILE_DIR_PATH}/Podfile.lock\" \"${PODS_ROOT}/Manifest.lock\" > /dev/null\nif [ $? != 0 ] ; then\n    # print error to STDERR\n    echo \"error: The sandbox is not in sync with the Podfile.lock. Run 'pod install' or update your CocoaPods installation.\" >&2\n    exit 1\nfi\n# This output is used by Xcode 'outputs' to avoid re-running this script phase.\necho \"SUCCESS\" > \"${SCRIPT_OUTPUT_FILE_0}\"\n";
			showEnvVarsInLog = 0;
		};
		7B6CE2986CC2BBF0893EDF8D /* [CP] Check Pods Manifest.lock */ = {
			isa = PBXShellScriptBuildPhase;
			buildActionMask = 2147483647;
			files = (
			);
			inputFileListPaths = (
			);
			inputPaths = (
				"${PODS_PODFILE_DIR_PATH}/Podfile.lock",
				"${PODS_ROOT}/Manifest.lock",
			);
			name = "[CP] Check Pods Manifest.lock";
			outputFileListPaths = (
			);
			outputPaths = (
				"$(DERIVED_FILE_DIR)/Pods-PrimoMedium-PrimoMediumUITests-checkManifestLockResult.txt",
			);
			runOnlyForDeploymentPostprocessing = 0;
			shellPath = /bin/sh;
			shellScript = "diff \"${PODS_PODFILE_DIR_PATH}/Podfile.lock\" \"${PODS_ROOT}/Manifest.lock\" > /dev/null\nif [ $? != 0 ] ; then\n    # print error to STDERR\n    echo \"error: The sandbox is not in sync with the Podfile.lock. Run 'pod install' or update your CocoaPods installation.\" >&2\n    exit 1\nfi\n# This output is used by Xcode 'outputs' to avoid re-running this script phase.\necho \"SUCCESS\" > \"${SCRIPT_OUTPUT_FILE_0}\"\n";
			showEnvVarsInLog = 0;
		};
		8B779153FE118178F5B593AD /* [CP] Embed Pods Frameworks */ = {
			isa = PBXShellScriptBuildPhase;
			buildActionMask = 2147483647;
			files = (
			);
			inputFileListPaths = (
				"${PODS_ROOT}/Target Support Files/Pods-PrimoMedium/Pods-PrimoMedium-frameworks-${CONFIGURATION}-input-files.xcfilelist",
			);
			name = "[CP] Embed Pods Frameworks";
			outputFileListPaths = (
				"${PODS_ROOT}/Target Support Files/Pods-PrimoMedium/Pods-PrimoMedium-frameworks-${CONFIGURATION}-output-files.xcfilelist",
			);
			runOnlyForDeploymentPostprocessing = 0;
			shellPath = /bin/sh;
			shellScript = "\"${PODS_ROOT}/Target Support Files/Pods-PrimoMedium/Pods-PrimoMedium-frameworks.sh\"\n";
			showEnvVarsInLog = 0;
		};
/* End PBXShellScriptBuildPhase section */

/* Begin PBXSourcesBuildPhase section */
		D46D33AF2DDF0D70003A16CB /* Sources */ = {
			isa = PBXSourcesBuildPhase;
			buildActionMask = 2147483647;
			files = (
			);
			runOnlyForDeploymentPostprocessing = 0;
		};
		D46D33C82DDF0D72003A16CB /* Sources */ = {
			isa = PBXSourcesBuildPhase;
			buildActionMask = 2147483647;
			files = (
			);
			runOnlyForDeploymentPostprocessing = 0;
		};
		D46D33D22DDF0D72003A16CB /* Sources */ = {
			isa = PBXSourcesBuildPhase;
			buildActionMask = 2147483647;
			files = (
			);
			runOnlyForDeploymentPostprocessing = 0;
		};
/* End PBXSourcesBuildPhase section */

/* Begin PBXTargetDependency section */
		D46D33CE2DDF0D72003A16CB /* PBXTargetDependency */ = {
			isa = PBXTargetDependency;
			target = D46D33B22DDF0D70003A16CB /* PrimoMedium */;
			targetProxy = D46D33CD2DDF0D72003A16CB /* PBXContainerItemProxy */;
		};
		D46D33D82DDF0D72003A16CB /* PBXTargetDependency */ = {
			isa = PBXTargetDependency;
			target = D46D33B22DDF0D70003A16CB /* PrimoMedium */;
			targetProxy = D46D33D72DDF0D72003A16CB /* PBXContainerItemProxy */;
		};
/* End PBXTargetDependency section */

/* Begin XCBuildConfiguration section */
		D46D33E02DDF0D72003A16CB /* Debug */ = {
			isa = XCBuildConfiguration;
			baseConfigurationReference = 086E5C461B48BD6F94690141 /* Pods-PrimoMedium.debug.xcconfig */;
			buildSettings = {
				ASSETCATALOG_COMPILER_APPICON_NAME = AppIcon;
				ASSETCATALOG_COMPILER_GLOBAL_ACCENT_COLOR_NAME = AccentColor;
				CODE_SIGN_STYLE = Automatic;
				CURRENT_PROJECT_VERSION = 1;
				DEVELOPMENT_TEAM = QQLG7C29F5;
				GENERATE_INFOPLIST_FILE = YES;
				INFOPLIST_FILE = PrimoMedium/Info.plist;
				INFOPLIST_KEY_UIApplicationSupportsIndirectInputEvents = YES;
				INFOPLIST_KEY_UILaunchStoryboardName = LaunchScreen;
				INFOPLIST_KEY_UIMainStoryboardFile = Main;
				INFOPLIST_KEY_UISupportedInterfaceOrientations_iPad = "UIInterfaceOrientationPortrait UIInterfaceOrientationPortraitUpsideDown UIInterfaceOrientationLandscapeLeft UIInterfaceOrientationLandscapeRight";
				INFOPLIST_KEY_UISupportedInterfaceOrientations_iPhone = "UIInterfaceOrientationPortrait UIInterfaceOrientationLandscapeLeft UIInterfaceOrientationLandscapeRight";
				LD_RUNPATH_SEARCH_PATHS = (
					"$(inherited)",
					"@executable_path/Frameworks",
				);
				MARKETING_VERSION = 1.0;
				PRODUCT_BUNDLE_IDENTIFIER = mew.PrimoMedium;
				PRODUCT_NAME = "$(TARGET_NAME)";
				SWIFT_EMIT_LOC_STRINGS = YES;
				SWIFT_VERSION = 5.0;
				TARGETED_DEVICE_FAMILY = "1,2";
			};
			name = Debug;
		};
		D46D33E12DDF0D72003A16CB /* Release */ = {
			isa = XCBuildConfiguration;
			baseConfigurationReference = 62C920F3876E98291E1CED93 /* Pods-PrimoMedium.release.xcconfig */;
			buildSettings = {
				ASSETCATALOG_COMPILER_APPICON_NAME = AppIcon;
				ASSETCATALOG_COMPILER_GLOBAL_ACCENT_COLOR_NAME = AccentColor;
				CODE_SIGN_STYLE = Automatic;
				CURRENT_PROJECT_VERSION = 1;
				DEVELOPMENT_TEAM = QQLG7C29F5;
				GENERATE_INFOPLIST_FILE = YES;
				INFOPLIST_FILE = PrimoMedium/Info.plist;
				INFOPLIST_KEY_UIApplicationSupportsIndirectInputEvents = YES;
				INFOPLIST_KEY_UILaunchStoryboardName = LaunchScreen;
				INFOPLIST_KEY_UIMainStoryboardFile = Main;
				INFOPLIST_KEY_UISupportedInterfaceOrientations_iPad = "UIInterfaceOrientationPortrait UIInterfaceOrientationPortraitUpsideDown UIInterfaceOrientationLandscapeLeft UIInterfaceOrientationLandscapeRight";
				INFOPLIST_KEY_UISupportedInterfaceOrientations_iPhone = "UIInterfaceOrientationPortrait UIInterfaceOrientationLandscapeLeft UIInterfaceOrientationLandscapeRight";
				LD_RUNPATH_SEARCH_PATHS = (
					"$(inherited)",
					"@executable_path/Frameworks",
				);
				MARKETING_VERSION = 1.0;
				PRODUCT_BUNDLE_IDENTIFIER = mew.PrimoMedium;
				PRODUCT_NAME = "$(TARGET_NAME)";
				SWIFT_EMIT_LOC_STRINGS = YES;
				SWIFT_VERSION = 5.0;
				TARGETED_DEVICE_FAMILY = "1,2";
			};
			name = Release;
		};
		D46D33E22DDF0D72003A16CB /* Debug */ = {
			isa = XCBuildConfiguration;
			buildSettings = {
				ALWAYS_SEARCH_USER_PATHS = NO;
				ASSETCATALOG_COMPILER_GENERATE_SWIFT_ASSET_SYMBOL_EXTENSIONS = YES;
				CLANG_ANALYZER_NONNULL = YES;
				CLANG_ANALYZER_NUMBER_OBJECT_CONVERSION = YES_AGGRESSIVE;
				CLANG_CXX_LANGUAGE_STANDARD = "gnu++20";
				CLANG_ENABLE_MODULES = YES;
				CLANG_ENABLE_OBJC_ARC = YES;
				CLANG_ENABLE_OBJC_WEAK = YES;
				CLANG_WARN_BLOCK_CAPTURE_AUTORELEASING = YES;
				CLANG_WARN_BOOL_CONVERSION = YES;
				CLANG_WARN_COMMA = YES;
				CLANG_WARN_CONSTANT_CONVERSION = YES;
				CLANG_WARN_DEPRECATED_OBJC_IMPLEMENTATIONS = YES;
				CLANG_WARN_DIRECT_OBJC_ISA_USAGE = YES_ERROR;
				CLANG_WARN_DOCUMENTATION_COMMENTS = YES;
				CLANG_WARN_EMPTY_BODY = YES;
				CLANG_WARN_ENUM_CONVERSION = YES;
				CLANG_WARN_INFINITE_RECURSION = YES;
				CLANG_WARN_INT_CONVERSION = YES;
				CLANG_WARN_NON_LITERAL_NULL_CONVERSION = YES;
				CLANG_WARN_OBJC_IMPLICIT_RETAIN_SELF = YES;
				CLANG_WARN_OBJC_LITERAL_CONVERSION = YES;
				CLANG_WARN_OBJC_ROOT_CLASS = YES_ERROR;
				CLANG_WARN_QUOTED_INCLUDE_IN_FRAMEWORK_HEADER = YES;
				CLANG_WARN_RANGE_LOOP_ANALYSIS = YES;
				CLANG_WARN_STRICT_PROTOTYPES = YES;
				CLANG_WARN_SUSPICIOUS_MOVE = YES;
				CLANG_WARN_UNGUARDED_AVAILABILITY = YES_AGGRESSIVE;
				CLANG_WARN_UNREACHABLE_CODE = YES;
				CLANG_WARN__DUPLICATE_METHOD_MATCH = YES;
				COPY_PHASE_STRIP = NO;
				DEBUG_INFORMATION_FORMAT = dwarf;
				ENABLE_STRICT_OBJC_MSGSEND = YES;
				ENABLE_TESTABILITY = YES;
				ENABLE_USER_SCRIPT_SANDBOXING = NO;
				GCC_C_LANGUAGE_STANDARD = gnu17;
				GCC_DYNAMIC_NO_PIC = NO;
				GCC_NO_COMMON_BLOCKS = YES;
				GCC_OPTIMIZATION_LEVEL = 0;
				GCC_PREPROCESSOR_DEFINITIONS = (
					"DEBUG=1",
					"$(inherited)",
				);
				GCC_WARN_64_TO_32_BIT_CONVERSION = YES;
				GCC_WARN_ABOUT_RETURN_TYPE = YES_ERROR;
				GCC_WARN_UNDECLARED_SELECTOR = YES;
				GCC_WARN_UNINITIALIZED_AUTOS = YES_AGGRESSIVE;
				GCC_WARN_UNUSED_FUNCTION = YES;
				GCC_WARN_UNUSED_VARIABLE = YES;
				IPHONEOS_DEPLOYMENT_TARGET = 18.2;
				LOCALIZATION_PREFERS_STRING_CATALOGS = YES;
				MTL_ENABLE_DEBUG_INFO = INCLUDE_SOURCE;
				MTL_FAST_MATH = YES;
				ONLY_ACTIVE_ARCH = YES;
				SDKROOT = iphoneos;
				SWIFT_ACTIVE_COMPILATION_CONDITIONS = "DEBUG $(inherited)";
				SWIFT_OPTIMIZATION_LEVEL = "-Onone";
			};
			name = Debug;
		};
		D46D33E32DDF0D72003A16CB /* Release */ = {
			isa = XCBuildConfiguration;
			buildSettings = {
				ALWAYS_SEARCH_USER_PATHS = NO;
				ASSETCATALOG_COMPILER_GENERATE_SWIFT_ASSET_SYMBOL_EXTENSIONS = YES;
				CLANG_ANALYZER_NONNULL = YES;
				CLANG_ANALYZER_NUMBER_OBJECT_CONVERSION = YES_AGGRESSIVE;
				CLANG_CXX_LANGUAGE_STANDARD = "gnu++20";
				CLANG_ENABLE_MODULES = YES;
				CLANG_ENABLE_OBJC_ARC = YES;
				CLANG_ENABLE_OBJC_WEAK = YES;
				CLANG_WARN_BLOCK_CAPTURE_AUTORELEASING = YES;
				CLANG_WARN_BOOL_CONVERSION = YES;
				CLANG_WARN_COMMA = YES;
				CLANG_WARN_CONSTANT_CONVERSION = YES;
				CLANG_WARN_DEPRECATED_OBJC_IMPLEMENTATIONS = YES;
				CLANG_WARN_DIRECT_OBJC_ISA_USAGE = YES_ERROR;
				CLANG_WARN_DOCUMENTATION_COMMENTS = YES;
				CLANG_WARN_EMPTY_BODY = YES;
				CLANG_WARN_ENUM_CONVERSION = YES;
				CLANG_WARN_INFINITE_RECURSION = YES;
				CLANG_WARN_INT_CONVERSION = YES;
				CLANG_WARN_NON_LITERAL_NULL_CONVERSION = YES;
				CLANG_WARN_OBJC_IMPLICIT_RETAIN_SELF = YES;
				CLANG_WARN_OBJC_LITERAL_CONVERSION = YES;
				CLANG_WARN_OBJC_ROOT_CLASS = YES_ERROR;
				CLANG_WARN_QUOTED_INCLUDE_IN_FRAMEWORK_HEADER = YES;
				CLANG_WARN_RANGE_LOOP_ANALYSIS = YES;
				CLANG_WARN_STRICT_PROTOTYPES = YES;
				CLANG_WARN_SUSPICIOUS_MOVE = YES;
				CLANG_WARN_UNGUARDED_AVAILABILITY = YES_AGGRESSIVE;
				CLANG_WARN_UNREACHABLE_CODE = YES;
				CLANG_WARN__DUPLICATE_METHOD_MATCH = YES;
				COPY_PHASE_STRIP = NO;
				DEBUG_INFORMATION_FORMAT = "dwarf-with-dsym";
				ENABLE_NS_ASSERTIONS = NO;
				ENABLE_STRICT_OBJC_MSGSEND = YES;
				ENABLE_USER_SCRIPT_SANDBOXING = NO;
				GCC_C_LANGUAGE_STANDARD = gnu17;
				GCC_NO_COMMON_BLOCKS = YES;
				GCC_WARN_64_TO_32_BIT_CONVERSION = YES;
				GCC_WARN_ABOUT_RETURN_TYPE = YES_ERROR;
				GCC_WARN_UNDECLARED_SELECTOR = YES;
				GCC_WARN_UNINITIALIZED_AUTOS = YES_AGGRESSIVE;
				GCC_WARN_UNUSED_FUNCTION = YES;
				GCC_WARN_UNUSED_VARIABLE = YES;
				IPHONEOS_DEPLOYMENT_TARGET = 18.2;
				LOCALIZATION_PREFERS_STRING_CATALOGS = YES;
				MTL_ENABLE_DEBUG_INFO = NO;
				MTL_FAST_MATH = YES;
				SDKROOT = iphoneos;
				SWIFT_COMPILATION_MODE = wholemodule;
				VALIDATE_PRODUCT = YES;
			};
			name = Release;
		};
		D46D33E52DDF0D72003A16CB /* Debug */ = {
			isa = XCBuildConfiguration;
			baseConfigurationReference = 94D4352066E093ABABB50696 /* Pods-PrimoMediumTests.debug.xcconfig */;
			buildSettings = {
				BUNDLE_LOADER = "$(TEST_HOST)";
				CODE_SIGN_STYLE = Automatic;
				CURRENT_PROJECT_VERSION = 1;
				DEVELOPMENT_TEAM = QQLG7C29F5;
				GENERATE_INFOPLIST_FILE = YES;
				IPHONEOS_DEPLOYMENT_TARGET = 18.2;
				MARKETING_VERSION = 1.0;
				PRODUCT_BUNDLE_IDENTIFIER = mew.PrimoMediumTests;
				PRODUCT_NAME = "$(TARGET_NAME)";
				SWIFT_EMIT_LOC_STRINGS = NO;
				SWIFT_VERSION = 5.0;
				TARGETED_DEVICE_FAMILY = "1,2";
				TEST_HOST = "$(BUILT_PRODUCTS_DIR)/PrimoMedium.app/$(BUNDLE_EXECUTABLE_FOLDER_PATH)/PrimoMedium";
			};
			name = Debug;
		};
		D46D33E62DDF0D72003A16CB /* Release */ = {
			isa = XCBuildConfiguration;
			baseConfigurationReference = 94998A0E9C96BDF629AD7683 /* Pods-PrimoMediumTests.release.xcconfig */;
			buildSettings = {
				BUNDLE_LOADER = "$(TEST_HOST)";
				CODE_SIGN_STYLE = Automatic;
				CURRENT_PROJECT_VERSION = 1;
				DEVELOPMENT_TEAM = QQLG7C29F5;
				GENERATE_INFOPLIST_FILE = YES;
				IPHONEOS_DEPLOYMENT_TARGET = 18.2;
				MARKETING_VERSION = 1.0;
				PRODUCT_BUNDLE_IDENTIFIER = mew.PrimoMediumTests;
				PRODUCT_NAME = "$(TARGET_NAME)";
				SWIFT_EMIT_LOC_STRINGS = NO;
				SWIFT_VERSION = 5.0;
				TARGETED_DEVICE_FAMILY = "1,2";
				TEST_HOST = "$(BUILT_PRODUCTS_DIR)/PrimoMedium.app/$(BUNDLE_EXECUTABLE_FOLDER_PATH)/PrimoMedium";
			};
			name = Release;
		};
		D46D33E82DDF0D72003A16CB /* Debug */ = {
			isa = XCBuildConfiguration;
			baseConfigurationReference = DE8A6826E3B0E7B72BC1B9F0 /* Pods-PrimoMedium-PrimoMediumUITests.debug.xcconfig */;
			buildSettings = {
				CODE_SIGN_STYLE = Automatic;
				CURRENT_PROJECT_VERSION = 1;
				DEVELOPMENT_TEAM = QQLG7C29F5;
				GENERATE_INFOPLIST_FILE = YES;
				MARKETING_VERSION = 1.0;
				PRODUCT_BUNDLE_IDENTIFIER = mew.PrimoMediumUITests;
				PRODUCT_NAME = "$(TARGET_NAME)";
				SWIFT_EMIT_LOC_STRINGS = NO;
				SWIFT_VERSION = 5.0;
				TARGETED_DEVICE_FAMILY = "1,2";
				TEST_TARGET_NAME = PrimoMedium;
			};
			name = Debug;
		};
		D46D33E92DDF0D72003A16CB /* Release */ = {
			isa = XCBuildConfiguration;
			baseConfigurationReference = 0FABDC90399BC3DF4165F08A /* Pods-PrimoMedium-PrimoMediumUITests.release.xcconfig */;
			buildSettings = {
				CODE_SIGN_STYLE = Automatic;
				CURRENT_PROJECT_VERSION = 1;
				DEVELOPMENT_TEAM = QQLG7C29F5;
				GENERATE_INFOPLIST_FILE = YES;
				MARKETING_VERSION = 1.0;
				PRODUCT_BUNDLE_IDENTIFIER = mew.PrimoMediumUITests;
				PRODUCT_NAME = "$(TARGET_NAME)";
				SWIFT_EMIT_LOC_STRINGS = NO;
				SWIFT_VERSION = 5.0;
				TARGETED_DEVICE_FAMILY = "1,2";
				TEST_TARGET_NAME = PrimoMedium;
			};
			name = Release;
		};
/* End XCBuildConfiguration section */

/* Begin XCConfigurationList section */
		D46D33AE2DDF0D70003A16CB /* Build configuration list for PBXProject "PrimoMedium" */ = {
			isa = XCConfigurationList;
			buildConfigurations = (
				D46D33E22DDF0D72003A16CB /* Debug */,
				D46D33E32DDF0D72003A16CB /* Release */,
			);
			defaultConfigurationIsVisible = 0;
			defaultConfigurationName = Release;
		};
		D46D33DF2DDF0D72003A16CB /* Build configuration list for PBXNativeTarget "PrimoMedium" */ = {
			isa = XCConfigurationList;
			buildConfigurations = (
				D46D33E02DDF0D72003A16CB /* Debug */,
				D46D33E12DDF0D72003A16CB /* Release */,
			);
			defaultConfigurationIsVisible = 0;
			defaultConfigurationName = Release;
		};
		D46D33E42DDF0D72003A16CB /* Build configuration list for PBXNativeTarget "PrimoMediumTests" */ = {
			isa = XCConfigurationList;
			buildConfigurations = (
				D46D33E52DDF0D72003A16CB /* Debug */,
				D46D33E62DDF0D72003A16CB /* Release */,
			);
			defaultConfigurationIsVisible = 0;
			defaultConfigurationName = Release;
		};
		D46D33E72DDF0D72003A16CB /* Build configuration list for PBXNativeTarget "PrimoMediumUITests" */ = {
			isa = XCConfigurationList;
			buildConfigurations = (
				D46D33E82DDF0D72003A16CB /* Debug */,
				D46D33E92DDF0D72003A16CB /* Release */,
			);
			defaultConfigurationIsVisible = 0;
			defaultConfigurationName = Release;
		};
/* End XCConfigurationList section */
	};
	rootObject = D46D33AB2DDF0D70003A16CB /* Project object */;
}
